Why did the scarecrow win an award? Because he was outstanding in his field.
Why did the melon jump into the lake? It wanted to be a watermelon.
What do you call a pig that does karate? A pork chop.
What starts with E, ends with E, and has only 1 letter in it? An Envelope.
How does the ocean say hello? It waves.
What lights up a soccer stadium? A soccer match.
What creature is smarter than a talking parrot? A spelling bee.
Which U.S. state has the smallest soft drinks? Mini soda.
Why couldn’t the leopard play hide and seek? Because he was always spotted.
Apparently, you can’t use “beef stew” as a password. It’s not stroganoff.
Why shouldn’t you write with a broken pencil? Because it’s pointless.
Why are teddy bears never hungry? Because they’re always stuffed!
Where do cows go for entertainment? The m,o,ovies!
How does NASA organize a party? They planet.
What’s an astronaut’s favorite candy? A Mars bar.
Why do bees have sticky hair? Because they use honeycombs.
Where do you learn to make banana splits? At sundae school.
How do you tell if a vampire is sick? By how much he is coffin.
Why are ghosts good cheerleaders?  Because they have a lot of spirit!
Why is Peter Pan always flying? He neverlands.
What do you get when you cross a snake with a pie? A python!
How do trees access the internet? They log in.
What do you get when you cross a fish and an elephant?  Swimming trunks.
Why did the painting go to jail?  It was framed.
Why did Cinderella get kicked off the soccer team? Because she ran away from the ball.
Why do we tell actors to break a leg?  Because every play has a cast.
Why wouldn’t the shrimp share his treasure? Because he was a little shellfish.
Why should you knock on the refrigerator before opening the door? In case there is a salad dressing
Why is it sad that parallel lines have so much in common?
Did you hear the rumor about the butter? Never mind, I shouldn’t spread it!
I’m really good at sleeping. I can do it with my eyes closed.
What do you call a fake noodle? An impasta
Why can’t a bicycle stand on it’s own? It is two tired.
What does it make you if you see a robbery at an Apple Store? An iwitness.
Can February March? No but April May